// !$*UTF8*$!
{
	archiveVersion = 1;
	classes = {
	};
	objectVersion = 50;
	objects = {

/* Begin PBXBuildFile section */
		1F9D3E7C23AFE0E100CAAEDF /* AppDelegate.swift in Sources */ = {isa = PBXBuildFile; fileRef = 1F9D3E7B23AFE0E100CAAEDF /* AppDelegate.swift */; };
		1F9D3E7E23AFE0E100CAAEDF /* SceneDelegate.swift in Sources */ = {isa = PBXBuildFile; fileRef = 1F9D3E7D23AFE0E100CAAEDF /* SceneDelegate.swift */; };
		1F9D3E8023AFE0E100CAAEDF /* WelcomeVC.swift in Sources */ = {isa = PBXBuildFile; fileRef = 1F9D3E7F23AFE0E100CAAEDF /* WelcomeVC.swift */; };
		1F9D3E8323AFE0E100CAAEDF /* Main.storyboard in Resources */ = {isa = PBXBuildFile; fileRef = 1F9D3E8123AFE0E100CAAEDF /* Main.storyboard */; };
		1F9D3E8523AFE0E300CAAEDF /* Assets.xcassets in Resources */ = {isa = PBXBuildFile; fileRef = 1F9D3E8423AFE0E300CAAEDF /* Assets.xcassets */; };
		1F9D3E8823AFE0E300CAAEDF /* LaunchScreen.storyboard in Resources */ = {isa = PBXBuildFile; fileRef = 1F9D3E8623AFE0E300CAAEDF /* LaunchScreen.storyboard */; };
		1F9D3E9123AFF2B900CAAEDF /* BorderButton.swift in Sources */ = {isa = PBXBuildFile; fileRef = 1F9D3E9023AFF2B900CAAEDF /* BorderButton.swift */; };
		1FB7AFE123B01D8F00B9E152 /* LeagueVC.swift in Sources */ = {isa = PBXBuildFile; fileRef = 1FB7AFE023B01D8F00B9E152 /* LeagueVC.swift */; };
		1FB7AFE323B01DA400B9E152 /* SkillVC.swift in Sources */ = {isa = PBXBuildFile; fileRef = 1FB7AFE223B01DA400B9E152 /* SkillVC.swift */; };
		1FB7AFE523B0270E00B9E152 /* Player.swift in Sources */ = {isa = PBXBuildFile; fileRef = 1FB7AFE423B0270E00B9E152 /* Player.swift */; };
/* End PBXBuildFile section */

/* Begin PBXFileReference section */
		1F9D3E7823AFE0E100CAAEDF /* app-swoosh.app */ = {isa = PBXFileReference; explicitFileType = wrapper.application; includeInIndex = 0; path = "app-swoosh.app"; sourceTree = BUILT_PRODUCTS_DIR; };
		1F9D3E7B23AFE0E100CAAEDF /* AppDelegate.swift */ = {isa = PBXFileReference; lastKnownFileType = sourcecode.swift; path = AppDelegate.swift; sourceTree = "<group>"; };
		1F9D3E7D23AFE0E100CAAEDF /* SceneDelegate.swift */ = {isa = PBXFileReference; lastKnownFileType = sourcecode.swift; path = SceneDelegate.swift; sourceTree = "<group>"; };
		1F9D3E7F23AFE0E100CAAEDF /* WelcomeVC.swift */ = {isa = PBXFileReference; lastKnownFileType = sourcecode.swift; path = WelcomeVC.swift; sourceTree = "<group>"; };
		1F9D3E8223AFE0E100CAAEDF /* Base */ = {isa = PBXFileReference; lastKnownFileType = file.storyboard; name = Base; path = Base.lproj/Main.storyboard; sourceTree = "<group>"; };
		1F9D3E8423AFE0E300CAAEDF /* Assets.xcassets */ = {isa = PBXFileReference; lastKnownFileType = folder.assetcatalog; path = Assets.xcassets; sourceTree = "<group>"; };
		1F9D3E8723AFE0E300CAAEDF /* Base */ = {isa = PBXFileReference; lastKnownFileType = file.storyboard; name = Base; path = Base.lproj/LaunchScreen.storyboard; sourceTree = "<group>"; };
		1F9D3E8923AFE0E300CAAEDF /* Info.plist */ = {isa = PBXFileReference; lastKnownFileType = text.plist.xml; path = Info.plist; sourceTree = "<group>"; };
		1F9D3E9023AFF2B900CAAEDF /* BorderButton.swift */ = {isa = PBXFileReference; lastKnownFileType = sourcecode.swift; path = BorderButton.swift; sourceTree = "<group>"; };
		1FB7AFE023B01D8F00B9E152 /* LeagueVC.swift */ = {isa = PBXFileReference; lastKnownFileType = sourcecode.swift; path = LeagueVC.swift; sourceTree = "<group>"; };
		1FB7AFE223B01DA400B9E152 /* SkillVC.swift */ = {isa = PBXFileReference; lastKnownFileType = sourcecode.swift; path = SkillVC.swift; sourceTree = "<group>"; };
		1FB7AFE423B0270E00B9E152 /* Player.swift */ = {isa = PBXFileReference; lastKnownFileType = sourcecode.swift; path = Player.swift; sourceTree = "<group>"; };
/* End PBXFileReference section */

/* Begin PBXFrameworksBuildPhase section */
		1F9D3E7523AFE0E100CAAEDF /* Frameworks */ = {
			isa = PBXFrameworksBuildPhase;
			buildActionMask = 2147483647;
			files = (
			);
			runOnlyForDeploymentPostprocessing = 0;
		};
/* End PBXFrameworksBuildPhase section */

/* Begin PBXGroup section */
		1F9D3E6F23AFE0E100CAAEDF = {
			isa = PBXGroup;
			children = (
				1F9D3E7A23AFE0E100CAAEDF /* app-swoosh */,
				1F9D3E7923AFE0E100CAAEDF /* Products */,
			);
			sourceTree = "<group>";
		};
		1F9D3E7923AFE0E100CAAEDF /* Products */ = {
			isa = PBXGroup;
			children = (
				1F9D3E7823AFE0E100CAAEDF /* app-swoosh.app */,
			);
			name = Products;
			sourceTree = "<group>";
		};
		1F9D3E7A23AFE0E100CAAEDF /* app-swoosh */ = {
			isa = PBXGroup;
			children = (
				1FB7AFDF23B01CC300B9E152 /* Model */,
				1FB7AFDE23B01CB300B9E152 /* Controller */,
				1F9D3E8F23AFF20F00CAAEDF /* View */,
				1F9D3E7B23AFE0E100CAAEDF /* AppDelegate.swift */,
				1F9D3E7D23AFE0E100CAAEDF /* SceneDelegate.swift */,
				1F9D3E8123AFE0E100CAAEDF /* Main.storyboard */,
				1F9D3E8423AFE0E300CAAEDF /* Assets.xcassets */,
				1F9D3E8623AFE0E300CAAEDF /* LaunchScreen.storyboard */,
				1F9D3E8923AFE0E300CAAEDF /* Info.plist */,
			);
			path = "app-swoosh";
			sourceTree = "<group>";
		};
		1F9D3E8F23AFF20F00CAAEDF /* View */ = {
			isa = PBXGroup;
			children = (
				1F9D3E9023AFF2B900CAAEDF /* BorderButton.swift */,
			);
			path = View;
			sourceTree = "<group>";
		};
		1FB7AFDE23B01CB300B9E152 /* Controller */ = {
			isa = PBXGroup;
			children = (
				1F9D3E7F23AFE0E100CAAEDF /* WelcomeVC.swift */,
				1FB7AFE023B01D8F00B9E152 /* LeagueVC.swift */,
				1FB7AFE223B01DA400B9E152 /* SkillVC.swift */,
			);
			path = Controller;
			sourceTree = "<group>";
		};
		1FB7AFDF23B01CC300B9E152 /* Model */ = {
			isa = PBXGroup;
			children = (
				1FB7AFE423B0270E00B9E152 /* Player.swift */,
			);
			path = Model;
			sourceTree = "<group>";
		};
/* End PBXGroup section */

/* Begin PBXNativeTarget section */
		1F9D3E7723AFE0E100CAAEDF /* app-swoosh */ = {
			isa = PBXNativeTarget;
			buildConfigurationList = 1F9D3E8C23AFE0E300CAAEDF /* Build configuration list for PBXNativeTarget "app-swoosh" */;
			buildPhases = (
				1F9D3E7423AFE0E100CAAEDF /* Sources */,
				1F9D3E7523AFE0E100CAAEDF /* Frameworks */,
				1F9D3E7623AFE0E100CAAEDF /* Resources */,
			);
			buildRules = (
			);
			dependencies = (
			);
			name = "app-swoosh";
			productName = "app-swoosh";
			productReference = 1F9D3E7823AFE0E100CAAEDF /* app-swoosh.app */;
			productType = "com.apple.product-type.application";
		};
/* End PBXNativeTarget section */

/* Begin PBXProject section */
		1F9D3E7023AFE0E100CAAEDF /* Project object */ = {
			isa = PBXProject;
			attributes = {
				LastSwiftUpdateCheck = 1130;
				LastUpgradeCheck = 1130;
				ORGANIZATIONNAME = "Nan Su";
				TargetAttributes = {
					1F9D3E7723AFE0E100CAAEDF = {
						CreatedOnToolsVersion = 11.3;
					};
				};
			};
			buildConfigurationList = 1F9D3E7323AFE0E100CAAEDF /* Build configuration list for PBXProject "app-swoosh" */;
			compatibilityVersion = "Xcode 9.3";
			developmentRegion = en;
			hasScannedForEncodings = 0;
			knownRegions = (
				en,
				Base,
			);
			mainGroup = 1F9D3E6F23AFE0E100CAAEDF;
			productRefGroup = 1F9D3E7923AFE0E100CAAEDF /* Products */;
			projectDirPath = "";
			projectRoot = "";
			targets = (
				1F9D3E7723AFE0E100CAAEDF /* app-swoosh */,
			);
		};
/* End PBXProject section */

/* Begin PBXResourcesBuildPhase section */
		1F9D3E7623AFE0E100CAAEDF /* Resources */ = {
			isa = PBXResourcesBuildPhase;
			buildActionMask = 2147483647;
			files = (
				1F9D3E8823AFE0E300CAAEDF /* LaunchScreen.storyboard in Resources */,
				1F9D3E8523AFE0E300CAAEDF /* Assets.xcassets in Resources */,
				1F9D3E8323AFE0E100CAAEDF /* Main.storyboard in Resources */,
			);
			runOnlyForDeploymentPostprocessing = 0;
		};
/* End PBXResourcesBuildPhase section */

/* Begin PBXSourcesBuildPhase section */
		1F9D3E7423AFE0E100CAAEDF /* Sources */ = {
			isa = PBXSourcesBuildPhase;
			buildActionMask = 2147483647;
			files = (
				1FB7AFE123B01D8F00B9E152 /* LeagueVC.swift in Sources */,
				1F9D3E8023AFE0E100CAAEDF /* WelcomeVC.swift in Sources */,
				1F9D3E7C23AFE0E100CAAEDF /* AppDelegate.swift in Sources */,
				1F9D3E7E23AFE0E100CAAEDF /* SceneDelegate.swift in Sources */,
				1FB7AFE523B0270E00B9E152 /* Player.swift in Sources */,
				1FB7AFE323B01DA400B9E152 /* SkillVC.swift in Sources */,
				1F9D3E9123AFF2B900CAAEDF /* BorderButton.swift in Sources */,
			);
			runOnlyForDeploymentPostprocessing = 0;
		};
/* End PBXSourcesBuildPhase section */

/* Begin PBXVariantGroup section */
		1F9D3E8123AFE0E100CAAEDF /* Main.storyboard */ = {
			isa = PBXVariantGroup;
			children = (
				1F9D3E8223AFE0E100CAAEDF /* Base */,
			);
			name = Main.storyboard;
			sourceTree = "<group>";
		};
		1F9D3E8623AFE0E300CAAEDF /* LaunchScreen.storyboard */ = {
			isa = PBXVariantGroup;
			children = (
				1F9D3E8723AFE0E300CAAEDF /* Base */,
			);
			name = LaunchScreen.storyboard;
			sourceTree = "<group>";
		};
/* End PBXVariantGroup section */

/* Begin XCBuildConfiguration section */
		1F9D3E8A23AFE0E300CAAEDF /* Debug */ = {
			isa = XCBuildConfiguration;
			buildSettings = {
				ALWAYS_SEARCH_USER_PATHS = NO;
				CLANG_ANALYZER_NONNULL = YES;
				CLANG_ANALYZER_NUMBER_OBJECT_CONVERSION = YES_AGGRESSIVE;
				CLANG_CXX_LANGUAGE_STANDARD = "gnu++14";
				CLANG_CXX_LIBRARY = "libc++";
				CLANG_ENABLE_MODULES = YES;
				CLANG_ENABLE_OBJC_ARC = YES;
				CLANG_ENABLE_OBJC_WEAK = YES;
				CLANG_WARN_BLOCK_CAPTURE_AUTORELEASING = YES;
				CLANG_WARN_BOOL_CONVERSION = YES;
				CLANG_WARN_COMMA = YES;
				CLANG_WARN_CONSTANT_CONVERSION = YES;
				CLANG_WARN_DEPRECATED_OBJC_IMPLEMENTATIONS = YES;
				CLANG_WARN_DIRECT_OBJC_ISA_USAGE = YES_ERROR;
				CLANG_WARN_DOCUMENTATION_COMMENTS = YES;
				CLANG_WARN_EMPTY_BODY = YES;
				CLANG_WARN_ENUM_CONVERSION = YES;
				CLANG_WARN_INFINITE_RECURSION = YES;
				CLANG_WARN_INT_CONVERSION = YES;
				CLANG_WARN_NON_LITERAL_NULL_CONVERSION = YES;
				CLANG_WARN_OBJC_IMPLICIT_RETAIN_SELF = YES;
				CLANG_WARN_OBJC_LITERAL_CONVERSION = YES;
				CLANG_WARN_OBJC_ROOT_CLASS = YES_ERROR;
				CLANG_WARN_RANGE_LOOP_ANALYSIS = YES;
				CLANG_WARN_STRICT_PROTOTYPES = YES;
				CLANG_WARN_SUSPICIOUS_MOVE = YES;
				CLANG_WARN_UNGUARDED_AVAILABILITY = YES_AGGRESSIVE;
				CLANG_WARN_UNREACHABLE_CODE = YES;
				CLANG_WARN__DUPLICATE_METHOD_MATCH = YES;
				COPY_PHASE_STRIP = NO;
				DEBUG_INFORMATION_FORMAT = dwarf;
				ENABLE_STRICT_OBJC_MSGSEND = YES;
				ENABLE_TESTABILITY = YES;
				GCC_C_LANGUAGE_STANDARD = gnu11;
				GCC_DYNAMIC_NO_PIC = NO;
				GCC_NO_COMMON_BLOCKS = YES;
				GCC_OPTIMIZATION_LEVEL = 0;
				GCC_PREPROCESSOR_DEFINITIONS = (
					"DEBUG=1",
					"$(inherited)",
				);
				GCC_WARN_64_TO_32_BIT_CONVERSION = YES;
				GCC_WARN_ABOUT_RETURN_TYPE = YES_ERROR;
				GCC_WARN_UNDECLARED_SELECTOR = YES;
				GCC_WARN_UNINITIALIZED_AUTOS = YES_AGGRESSIVE;
				GCC_WARN_UNUSED_FUNCTION = YES;
				GCC_WARN_UNUSED_VARIABLE = YES;
				IPHONEOS_DEPLOYMENT_TARGET = 13.2;
				MTL_ENABLE_DEBUG_INFO = INCLUDE_SOURCE;
				MTL_FAST_MATH = YES;
				ONLY_ACTIVE_ARCH = YES;
				SDKROOT = iphoneos;
				SWIFT_ACTIVE_COMPILATION_CONDITIONS = DEBUG;
				SWIFT_OPTIMIZATION_LEVEL = "-Onone";
			};
			name = Debug;
		};
		1F9D3E8B23AFE0E300CAAEDF /* Release */ = {
			isa = XCBuildConfiguration;
			buildSettings = {
				ALWAYS_SEARCH_USER_PATHS = NO;
				CLANG_ANALYZER_NONNULL = YES;
				CLANG_ANALYZER_NUMBER_OBJECT_CONVERSION = YES_AGGRESSIVE;
				CLANG_CXX_LANGUAGE_STANDARD = "gnu++14";
				CLANG_CXX_LIBRARY = "libc++";
				CLANG_ENABLE_MODULES = YES;
				CLANG_ENABLE_OBJC_ARC = YES;
				CLANG_ENABLE_OBJC_WEAK = YES;
				CLANG_WARN_BLOCK_CAPTURE_AUTORELEASING = YES;
				CLANG_WARN_BOOL_CONVERSION = YES;
				CLANG_WARN_COMMA = YES;
				CLANG_WARN_CONSTANT_CONVERSION = YES;
				CLANG_WARN_DEPRECATED_OBJC_IMPLEMENTATIONS = YES;
				CLANG_WARN_DIRECT_OBJC_ISA_USAGE = YES_ERROR;
				CLANG_WARN_DOCUMENTATION_COMMENTS = YES;
				CLANG_WARN_EMPTY_BODY = YES;
				CLANG_WARN_ENUM_CONVERSION = YES;
				CLANG_WARN_INFINITE_RECURSION = YES;
				CLANG_WARN_INT_CONVERSION = YES;
				CLANG_WARN_NON_LITERAL_NULL_CONVERSION = YES;
				CLANG_WARN_OBJC_IMPLICIT_RETAIN_SELF = YES;
				CLANG_WARN_OBJC_LITERAL_CONVERSION = YES;
				CLANG_WARN_OBJC_ROOT_CLASS = YES_ERROR;
				CLANG_WARN_RANGE_LOOP_ANALYSIS = YES;
				CLANG_WARN_STRICT_PROTOTYPES = YES;
				CLANG_WARN_SUSPICIOUS_MOVE = YES;
				CLANG_WARN_UNGUARDED_AVAILABILITY = YES_AGGRESSIVE;
				CLANG_WARN_UNREACHABLE_CODE = YES;
				CLANG_WARN__DUPLICATE_METHOD_MATCH = YES;
				COPY_PHASE_STRIP = NO;
				DEBUG_INFORMATION_FORMAT = "dwarf-with-dsym";
				ENABLE_NS_ASSERTIONS = NO;
				ENABLE_STRICT_OBJC_MSGSEND = YES;
				GCC_C_LANGUAGE_STANDARD = gnu11;
				GCC_NO_COMMON_BLOCKS = YES;
				GCC_WARN_64_TO_32_BIT_CONVERSION = YES;
				GCC_WARN_ABOUT_RETURN_TYPE = YES_ERROR;
				GCC_WARN_UNDECLARED_SELECTOR = YES;
				GCC_WARN_UNINITIALIZED_AUTOS = YES_AGGRESSIVE;
				GCC_WARN_UNUSED_FUNCTION = YES;
				GCC_WARN_UNUSED_VARIABLE = YES;
				IPHONEOS_DEPLOYMENT_TARGET = 13.2;
				MTL_ENABLE_DEBUG_INFO = NO;
				MTL_FAST_MATH = YES;
				SDKROOT = iphoneos;
				SWIFT_COMPILATION_MODE = wholemodule;
				SWIFT_OPTIMIZATION_LEVEL = "-O";
				VALIDATE_PRODUCT = YES;
			};
			name = Release;
		};
		1F9D3E8D23AFE0E300CAAEDF /* Debug */ = {
			isa = XCBuildConfiguration;
			buildSettings = {
				ASSETCATALOG_COMPILER_APPICON_NAME = AppIcon;
				CODE_SIGN_STYLE = Automatic;
				DEVELOPMENT_TEAM = 3LW2DDN6M7;
				INFOPLIST_FILE = "app-swoosh/Info.plist";
				LD_RUNPATH_SEARCH_PATHS = (
					"$(inherited)",
					"@executable_path/Frameworks",
				);
				PRODUCT_BUNDLE_IDENTIFIER = "nansutest.app-swoosh";
				PRODUCT_NAME = "$(TARGET_NAME)";
				SWIFT_VERSION = 5.0;
				TARGETED_DEVICE_FAMILY = "1,2";
			};
			name = Debug;
		};
		1F9D3E8E23AFE0E300CAAEDF /* Release */ = {
			isa = XCBuildConfiguration;
			buildSettings = {
				ASSETCATALOG_COMPILER_APPICON_NAME = AppIcon;
				CODE_SIGN_STYLE = Automatic;
				DEVELOPMENT_TEAM = 3LW2DDN6M7;
				INFOPLIST_FILE = "app-swoosh/Info.plist";
				LD_RUNPATH_SEARCH_PATHS = (
					"$(inherited)",
					"@executable_path/Frameworks",
				);
				PRODUCT_BUNDLE_IDENTIFIER = "nansutest.app-swoosh";
				PRODUCT_NAME = "$(TARGET_NAME)";
				SWIFT_VERSION = 5.0;
				TARGETED_DEVICE_FAMILY = "1,2";
			};
			name = Release;
		};
/* End XCBuildConfiguration section */

/* Begin XCConfigurationList section */
		1F9D3E7323AFE0E100CAAEDF /* Build configuration list for PBXProject "app-swoosh" */ = {
			isa = XCConfigurationList;
			buildConfigurations = (
				1F9D3E8A23AFE0E300CAAEDF /* Debug */,
				1F9D3E8B23AFE0E300CAAEDF /* Release */,
			);
			defaultConfigurationIsVisible = 0;
			defaultConfigurationName = Release;
		};
		1F9D3E8C23AFE0E300CAAEDF /* Build configuration list for PBXNativeTarget "app-swoosh" */ = {
			isa = XCConfigurationList;
			buildConfigurations = (
				1F9D3E8D23AFE0E300CAAEDF /* Debug */,
				1F9D3E8E23AFE0E300CAAEDF /* Release */,
			);
			defaultConfigurationIsVisible = 0;
			defaultConfigurationName = Release;
		};
/* End XCConfigurationList section */
	};
	rootObject = 1F9D3E7023AFE0E100CAAEDF /* Project object */;
}
